
Microsoft Visual Studio Solution File, Format Version 12.00
# Visual Studio 15
VisualStudioVersion = 15.0.28010.2036
MinimumVisualStudioVersion = 10.0.40219.1
Project("{FAE04EC0-301F-11D3-BF4B-00C04F79EFBC}") = "NMCT.IoTCloud. MyFirstServices", "NMCT.IoTCloud. MyFirstServices\NMCT.IoTCloud. MyFirstServices.csproj", "{5C47E33A-A54C-4197-B405-37344FA13676}"
EndProject
Global
	GlobalSection(SolutionConfigurationPlatforms) = preSolution
		Debug|Any CPU = Debug|Any CPU
		Release|Any CPU = Release|Any CPU
	EndGlobalSection
	GlobalSection(ProjectConfigurationPlatforms) = postSolution
		{5C47E33A-A54C-4197-B405-37344FA13676}.Debug|Any CPU.ActiveCfg = Debug|Any CPU
		{5C47E33A-A54C-4197-B405-37344FA13676}.Debug|Any CPU.Build.0 = Debug|Any CPU
		{5C47E33A-A54C-4197-B405-37344FA13676}.Release|Any CPU.ActiveCfg = Release|Any CPU
		{5C47E33A-A54C-4197-B405-37344FA13676}.Release|Any CPU.Build.0 = Release|Any CPU
	EndGlobalSection
	GlobalSection(SolutionProperties) = preSolution
		HideSolutionNode = FALSE
	EndGlobalSection
	GlobalSection(ExtensibilityGlobals) = postSolution
		SolutionGuid = {2ACC23D7-0F89-4039-8DEE-761DE8EFD501}
	EndGlobalSection
EndGlobal
